# THIS IS AN AUTOGENERATED FILE. DO NOT EDIT THIS FILE DIRECTLY.
# yarn lockfile v1


aws-sdk@>=2.41.0:
  version "2.102.0"
  resolved "https://registry.yarnpkg.com/aws-sdk/-/aws-sdk-2.102.0.tgz#70e52a8eff63de4c68e1d08c5c37db5561324340"
  dependencies:
    buffer "4.9.1"
    crypto-browserify "1.0.9"
    events "^1.1.1"
    jmespath "0.15.0"
    querystring "0.2.0"
    sax "1.2.1"
    url "0.10.3"
    uuid "3.0.1"
    xml2js "0.4.17"
    xmlbuilder "4.2.1"

base64-js@^1.0.2:
  version "1.2.1"
  resolved "https://registry.yarnpkg.com/base64-js/-/base64-js-1.2.1.tgz#a91947da1f4a516ea38e5b4ec0ec3773675e0886"

buffer@4.9.1:
  version "4.9.1"
  resolved "https://registry.yarnpkg.com/buffer/-/buffer-4.9.1.tgz#6d1bb601b07a4efced97094132093027c95bc298"
  dependencies:
    base64-js "^1.0.2"
    ieee754 "^1.1.4"
    isarray "^1.0.0"

crypto-browserify@1.0.9:
  version "1.0.9"
  resolved "https://registry.yarnpkg.com/crypto-browserify/-/crypto-browserify-1.0.9.tgz#cc5449685dfb85eb11c9828acc7cb87ab5bbfcc0"

events@^1.1.1:
  version "1.1.1"
  resolved "https://registry.yarnpkg.com/events/-/events-1.1.1.tgz#9ebdb7635ad099c70dcc4c2a1f5004288e8bd924"

formidable@>=1.1.1:
  version "1.1.1"
  resolved "https://registry.yarnpkg.com/formidable/-/formidable-1.1.1.tgz#96b8886f7c3c3508b932d6bd70c4d3a88f35f1a9"

gun-db@^1.0.563:
  version "1.0.563"
  resolved "https://registry.yarnpkg.com/gun-db/-/gun-db-1.0.563.tgz#f7f0a03b9bd365dd0810b365a7b18c865273b7f3"
  dependencies:
    gun "^0.8.0"
    sack.vfs "^0.1"

gun-file@^1.0.111:
  version "1.0.111"
  resolved "https://registry.yarnpkg.com/gun-file/-/gun-file-1.0.111.tgz#241f992be9223a698ead90ec812bc7cd17b1eb8d"
  dependencies:
    gun "^0.8.0"
    json-6 "^0"

gun@^0.8.0, gun@^0.8.3:
  version "0.8.3"
  resolved "https://registry.yarnpkg.com/gun/-/gun-0.8.3.tgz#ec95588b61371866c02ecf1487428d6ba7ae2555"
  dependencies:
    aws-sdk ">=2.41.0"
    formidable ">=1.1.1"
    ws "~>2.2.3"

ieee754@^1.1.4:
  version "1.1.8"
  resolved "https://registry.yarnpkg.com/ieee754/-/ieee754-1.1.8.tgz#be33d40ac10ef1926701f6f08a2d86fbfd1ad3e4"

isarray@^1.0.0:
  version "1.0.0"
  resolved "https://registry.yarnpkg.com/isarray/-/isarray-1.0.0.tgz#bb935d48582cba168c06834957a54a3e07124f11"

jmespath@0.15.0:
  version "0.15.0"
  resolved "https://registry.yarnpkg.com/jmespath/-/jmespath-0.15.0.tgz#a3f222a9aae9f966f5d27c796510e28091764217"

json-6@^0:
  version "0.1.111"
  resolved "https://registry.yarnpkg.com/json-6/-/json-6-0.1.111.tgz#969be9af56bc5213db2e52b4a547d0ad1afba146"

lodash@^4.0.0:
  version "4.17.4"
  resolved "https://registry.yarnpkg.com/lodash/-/lodash-4.17.4.tgz#78203a4d1c328ae1d86dca6460e369b57f4055ae"

minimist@^1.2.0:
  version "1.2.0"
  resolved "https://registry.yarnpkg.com/minimist/-/minimist-1.2.0.tgz#a35008b20f41383eec1fb914f4cd5df79a264284"

nan@^2.5.1:
  version "2.6.2"
  resolved "https://registry.yarnpkg.com/nan/-/nan-2.6.2.tgz#e4ff34e6c95fdfb5aecc08de6596f43605a7db45"

punycode@1.3.2:
  version "1.3.2"
  resolved "https://registry.yarnpkg.com/punycode/-/punycode-1.3.2.tgz#9653a036fb7c1ee42342f2325cceefea3926c48d"

querystring@0.2.0:
  version "0.2.0"
  resolved "https://registry.yarnpkg.com/querystring/-/querystring-0.2.0.tgz#b209849203bb25df820da756e747005878521620"

sack.vfs@^0.1:
  version "0.1.99301"
  resolved "https://registry.yarnpkg.com/sack.vfs/-/sack.vfs-0.1.99301.tgz#00b22000228ac7c0841dfd62cef7f7fc5fcced1c"
  dependencies:
    nan "^2.5.1"

safe-buffer@~5.0.1:
  version "5.0.1"
  resolved "https://registry.yarnpkg.com/safe-buffer/-/safe-buffer-5.0.1.tgz#d263ca54696cd8a306b5ca6551e92de57918fbe7"

sax@1.2.1, sax@>=0.6.0:
  version "1.2.1"
  resolved "https://registry.yarnpkg.com/sax/-/sax-1.2.1.tgz#7b8e656190b228e81a66aea748480d828cd2d37a"

ultron@~1.1.0:
  version "1.1.0"
  resolved "https://registry.yarnpkg.com/ultron/-/ultron-1.1.0.tgz#b07a2e6a541a815fc6a34ccd4533baec307ca864"

url@0.10.3:
  version "0.10.3"
  resolved "https://registry.yarnpkg.com/url/-/url-0.10.3.tgz#021e4d9c7705f21bbf37d03ceb58767402774c64"
  dependencies:
    punycode "1.3.2"
    querystring "0.2.0"

uuid@3.0.1:
  version "3.0.1"
  resolved "https://registry.yarnpkg.com/uuid/-/uuid-3.0.1.tgz#6544bba2dfda8c1cf17e629a3a305e2bb1fee6c1"

ws@~>2.2.3:
  version "2.2.3"
  resolved "https://registry.yarnpkg.com/ws/-/ws-2.2.3.tgz#f36c9719a56dff813f455af912a2078145bbd940"
  dependencies:
    safe-buffer "~5.0.1"
    ultron "~1.1.0"

xml2js@0.4.17:
  version "0.4.17"
  resolved "https://registry.yarnpkg.com/xml2js/-/xml2js-0.4.17.tgz#17be93eaae3f3b779359c795b419705a8817e868"
  dependencies:
    sax ">=0.6.0"
    xmlbuilder "^4.1.0"

xmlbuilder@4.2.1, xmlbuilder@^4.1.0:
  version "4.2.1"
  resolved "https://registry.yarnpkg.com/xmlbuilder/-/xmlbuilder-4.2.1.tgz#aa58a3041a066f90eaa16c2f5389ff19f3f461a5"
  dependencies:
    lodash "^4.0.0"
